
Microsoft Visual Studio Solution File, Format Version 12.00
# Visual Studio 15
VisualStudioVersion = 15.0.28307.421
MinimumVisualStudioVersion = 10.0.40219.1
Project("{FAE04EC0-301F-11D3-BF4B-00C04F79EFBC}") = "[Nayla Gomes] TP01 - 2019 - 1", "[Nayla Gomes] TP01 - 2019 - 1\[Nayla Gomes] TP01 - 2019 - 1.csproj", "{55943816-E3E7-45AC-9B15-188AF9D10A65}"
EndProject
Global
	GlobalSection(SolutionConfigurationPlatforms) = preSolution
		Debug|Any CPU = Debug|Any CPU
		Release|Any CPU = Release|Any CPU
	EndGlobalSection
	GlobalSection(ProjectConfigurationPlatforms) = postSolution
		{55943816-E3E7-45AC-9B15-188AF9D10A65}.Debug|Any CPU.ActiveCfg = Debug|Any CPU
		{55943816-E3E7-45AC-9B15-188AF9D10A65}.Debug|Any CPU.Build.0 = Debug|Any CPU
		{55943816-E3E7-45AC-9B15-188AF9D10A65}.Release|Any CPU.ActiveCfg = Release|Any CPU
		{55943816-E3E7-45AC-9B15-188AF9D10A65}.Release|Any CPU.Build.0 = Release|Any CPU
	EndGlobalSection
	GlobalSection(SolutionProperties) = preSolution
		HideSolutionNode = FALSE
	EndGlobalSection
	GlobalSection(ExtensibilityGlobals) = postSolution
		SolutionGuid = {CB952A7A-D9E8-4BE2-BD4C-944F6FB6EBB1}
	EndGlobalSection
EndGlobal
